PODS:
  - AFNetworking (3.1.0):
    - AFNetworking/NSURLSession (= 3.1.0)
    - AFNetworking/Reachability (= 3.1.0)
    - AFNetworking/Security (= 3.1.0)
    - AFNetworking/Serialization (= 3.1.0)
    - AFNetworking/UIKit (= 3.1.0)
  - AFNetworking/NSURLSession (3.1.0):
    - AFNetworking/Reachability
    - AFNetworking/Security
    - AFNetworking/Serialization
  - AFNetworking/Reachability (3.1.0)
  - AFNetworking/Security (3.1.0)
  - AFNetworking/Serialization (3.1.0)
  - AFNetworking/UIKit (3.1.0):
    - AFNetworking/NSURLSession
  - FLAnimatedImage (1.0.12)
  - HexColors (2.2.1)
  - Mantle (2.0.7):
    - Mantle/extobjc (= 2.0.7)
  - Mantle/extobjc (2.0.7)
  - PINCache (2.3)
  - PINRemoteImage (2.1.4):
    - PINRemoteImage/FLAnimatedImage (= 2.1.4)
  - PINRemoteImage/Core (2.1.4):
    - PINCache (>= 2.1)
  - PINRemoteImage/FLAnimatedImage (2.1.4):
    - FLAnimatedImage (>= 1.0)
    - PINRemoteImage/Core
  - Realm (1.0.2):
    - Realm/Headers (= 1.0.2)
  - Realm/Headers (1.0.2)
  - SVPullToRefresh (0.4.1)
  - TSMessages (0.9.12):
    - HexColors (~> 2.2.0)

DEPENDENCIES:
  - AFNetworking
  - Mantle
  - PINRemoteImage
  - Realm
  - SVPullToRefresh
  - TSMessages

SPEC CHECKSUMS:
  AFNetworking: 5e0e199f73d8626b11e79750991f5d173d1f8b67
  FLAnimatedImage: 4a0b56255d9b05f18b6dd7ee06871be5d3b89e31
  HexColors: abfd172e329dab59888614ccba6f216cec59289d
  Mantle: bc40bb061d8c2c6fb48d5083e04d928c3b7f73d9
  PINCache: ce36ed282031b92fc7733ffe831f474ff80fddc2
  PINRemoteImage: 4ac4011c5caefd6befd99758e09becede05d3226
  Realm: 9d5c46a4d7d27958530a8dfc58f63a99e5c2cba3
  SVPullToRefresh: ba2e718695a43253d8bea6852d2960097dc15d8c
  TSMessages: c8cc7b80f2a833af533872cd02010cac061532cc

PODFILE CHECKSUM: d4144f3bd8ddf81f069a302010b26d3f03f13b28

COCOAPODS: 1.0.1
